
Microsoft Visual Studio Solution File, Format Version 12.00
# Visual Studio Version 16
VisualStudioVersion = 16.0.31112.23
MinimumVisualStudioVersion = 10.0.40219.1
Project("{FAE04EC0-301F-11D3-BF4B-00C04F79EFBC}") = "Client Mod", "Client Mod\Client Mod.csproj", "{6D1F23AF-5136-41AA-A987-B5B8AB61F809}"
EndProject
Project("{FAE04EC0-301F-11D3-BF4B-00C04F79EFBC}") = "Test_Client_NetFramework", "Test_Client_NetFramework\Test_Client_NetFramework.csproj", "{6884F6EC-201D-4D65-BBF7-C3EB96B1AFE2}"
EndProject
Global
	GlobalSection(SolutionConfigurationPlatforms) = preSolution
		Debug|Any CPU = Debug|Any CPU
		Release|Any CPU = Release|Any CPU
	EndGlobalSection
	GlobalSection(ProjectConfigurationPlatforms) = postSolution
		{6D1F23AF-5136-41AA-A987-B5B8AB61F809}.Debug|Any CPU.ActiveCfg = Debug|Any CPU
		{6D1F23AF-5136-41AA-A987-B5B8AB61F809}.Debug|Any CPU.Build.0 = Debug|Any CPU
		{6D1F23AF-5136-41AA-A987-B5B8AB61F809}.Release|Any CPU.ActiveCfg = Release|Any CPU
		{6D1F23AF-5136-41AA-A987-B5B8AB61F809}.Release|Any CPU.Build.0 = Release|Any CPU
		{6884F6EC-201D-4D65-BBF7-C3EB96B1AFE2}.Debug|Any CPU.ActiveCfg = Debug|Any CPU
		{6884F6EC-201D-4D65-BBF7-C3EB96B1AFE2}.Debug|Any CPU.Build.0 = Debug|Any CPU
		{6884F6EC-201D-4D65-BBF7-C3EB96B1AFE2}.Release|Any CPU.ActiveCfg = Release|Any CPU
		{6884F6EC-201D-4D65-BBF7-C3EB96B1AFE2}.Release|Any CPU.Build.0 = Release|Any CPU
	EndGlobalSection
	GlobalSection(SolutionProperties) = preSolution
		HideSolutionNode = FALSE
	EndGlobalSection
	GlobalSection(ExtensibilityGlobals) = postSolution
		SolutionGuid = {02D66B27-8708-4C77-8995-FF7738BE53EE}
	EndGlobalSection
EndGlobal
